<Solution>
  <Folder Name="/Tests/">
    <Project Path="Tests/Integration/Integration.csproj" />
    <Project Path="Tests/Unit/Unit.csproj" />
  </Folder>
  <Project Path="Api/Api.csproj" />
  <Project Path="Application/Application.csproj" />
  <Project Path="Domain/Domain.csproj" />
  <Project Path="Infrastructure/Infrastructure.csproj" />
</Solution>
